
Microsoft Visual Studio Solution File, Format Version 12.00
# Visual Studio Version 17
VisualStudioVersion = 17.11.35219.272
MinimumVisualStudioVersion = 10.0.40219.1
Project("{FAE04EC0-301F-11D3-BF4B-00C04F79EFBC}") = "ProyectoRelojChecador", "ProyectoRelojChecador\ProyectoRelojChecador.csproj", "{3CE919B9-31F0-4C4F-8567-11AB43480ED2}"
EndProject
Global
	GlobalSection(SolutionConfigurationPlatforms) = preSolution
		Debug|Any CPU = Debug|Any CPU
		Release|Any CPU = Release|Any CPU
	EndGlobalSection
	GlobalSection(ProjectConfigurationPlatforms) = postSolution
		{3CE919B9-31F0-4C4F-8567-11AB43480ED2}.Debug|Any CPU.ActiveCfg = Debug|Any CPU
		{3CE919B9-31F0-4C4F-8567-11AB43480ED2}.Debug|Any CPU.Build.0 = Debug|Any CPU
		{3CE919B9-31F0-4C4F-8567-11AB43480ED2}.Release|Any CPU.ActiveCfg = Release|Any CPU
		{3CE919B9-31F0-4C4F-8567-11AB43480ED2}.Release|Any CPU.Build.0 = Release|Any CPU
	EndGlobalSection
	GlobalSection(SolutionProperties) = preSolution
		HideSolutionNode = FALSE
	EndGlobalSection
	GlobalSection(ExtensibilityGlobals) = postSolution
		SolutionGuid = {AC6316C7-1051-4F01-8BD5-CEBE928FD87E}
	EndGlobalSection
EndGlobal
